
Microsoft Visual Studio Solution File, Format Version 12.00
# Visual Studio Version 17
VisualStudioVersion = 17.7.34024.191
MinimumVisualStudioVersion = 10.0.40219.1
Project("{FAE04EC0-301F-11D3-BF4B-00C04F79EFBC}") = "Guardian", "Guardian\Guardian.csproj", "{CEC81FA8-9DD9-424F-BD65-6704E7114B13}"
EndProject
Global
	GlobalSection(SolutionConfigurationPlatforms) = preSolution
		Debug|Any CPU = Debug|Any CPU
		Release|Any CPU = Release|Any CPU
	EndGlobalSection
	GlobalSection(ProjectConfigurationPlatforms) = postSolution
		{CEC81FA8-9DD9-424F-BD65-6704E7114B13}.Debug|Any CPU.ActiveCfg = Debug|Any CPU
		{CEC81FA8-9DD9-424F-BD65-6704E7114B13}.Debug|Any CPU.Build.0 = Debug|Any CPU
		{CEC81FA8-9DD9-424F-BD65-6704E7114B13}.Release|Any CPU.ActiveCfg = Release|Any CPU
		{CEC81FA8-9DD9-424F-BD65-6704E7114B13}.Release|Any CPU.Build.0 = Release|Any CPU
	EndGlobalSection
	GlobalSection(SolutionProperties) = preSolution
		HideSolutionNode = FALSE
	EndGlobalSection
	GlobalSection(ExtensibilityGlobals) = postSolution
		SolutionGuid = {FD986BD3-68F8-428D-B44C-FE1C06F2EC01}
	EndGlobalSection
EndGlobal
